<?xml version="1.0" encoding="utf-8"?>
<Project ToolsVersion="4.0" xmlns="http://schemas.microsoft.com/developer/msbuild/2003">
  <ItemGroup>
    <Filter Include="Archivos de origen">
      <UniqueIdentifier>{4FC737F1-C7A5-4376-A066-2A32D752A2FF}</UniqueIdentifier>
      <Extensions>cpp;c;cc;cxx;def;odl;idl;hpj;bat;asm;asmx</Extensions>
    </Filter>
    <Filter Include="Archivos de encabezado">
      <UniqueIdentifier>{93995380-89BD-4b04-88EB-625FBE52EBFB}</UniqueIdentifier>
      <Extensions>h;hh;hpp;hxx;hm;inl;inc;ipp;xsd</Extensions>
    </Filter>
    <Filter Include="Archivos de recursos">
      <UniqueIdentifier>{67DA6AB6-F800-4c08-8B7A-83BB121AAD01}</UniqueIdentifier>
      <Extensions>rc;ico;cur;bmp;dlg;rc2;rct;bin;rgs;gif;jpg;jpeg;jpe;resx;tiff;tif;png;wav;mfcribbon-ms</Extensions>
    </Filter>
    <Filter Include="Archivos de origen\userWrittenCode">
      <UniqueIdentifier>{e91b989e-1569-4460-89ff-1dab2e2be239}</UniqueIdentifier>
    </Filter>
    <Filter Include="Archivos de origen\coderGenerated">
      <UniqueIdentifier>{ea31bfbe-ff48-4a18-8392-b928d8fd9705}</UniqueIdentifier>
    </Filter>
    <Filter Include="Archivos de origen\userWrittenCode\eventQueue">
      <UniqueIdentifier>{13c427ab-1287-451f-9473-cccf808b5ed6}</UniqueIdentifier>
    </Filter>
  </ItemGroup>
  <ItemGroup>
    <None Include="..\README.md" />
  </ItemGroup>
  <ItemGroup>
    <Image Include="..\design.png">
      <Filter>Archivos de recursos</Filter>
    </Image>
  </ItemGroup>
  <ItemGroup>
    <ClCompile Include="src\userWrittenCode\Main.c">
      <Filter>Archivos de origen\userWrittenCode</Filter>
    </ClCompile>
    <ClCompile Include="src\userWrittenCode\eventQueue\simpleEventHandler.c">
      <Filter>Archivos de origen\userWrittenCode\eventQueue</Filter>
    </ClCompile>
    <ClCompile Include="src\userWrittenCode\lightingActions.c">
      <Filter>Archivos de origen\userWrittenCode</Filter>
    </ClCompile>
    <ClCompile Include="src\coderGenerated\LightingSystem.c">
      <Filter>Archivos de origen\coderGenerated</Filter>
    </ClCompile>
    <ClCompile Include="src\coderGenerated\LightingSystemData.c">
      <Filter>Archivos de origen\coderGenerated</Filter>
    </ClCompile>
    <ClCompile Include="src\coderGenerated\SEMLibB.c">
      <Filter>Archivos de origen\coderGenerated</Filter>
    </ClCompile>
  </ItemGroup>
  <ItemGroup>
    <ClInclude Include="src\userWrittenCode\eventQueue\eventHandler.h">
      <Filter>Archivos de origen\userWrittenCode\eventQueue</Filter>
    </ClInclude>
    <ClInclude Include="src\userWrittenCode\eventQueue\simpleEventHandler.h">
      <Filter>Archivos de origen\userWrittenCode\eventQueue</Filter>
    </ClInclude>
    <ClInclude Include="src\coderGenerated\LightingSystem.h">
      <Filter>Archivos de origen\coderGenerated</Filter>
    </ClInclude>
    <ClInclude Include="src\coderGenerated\LightingSystemAction.h">
      <Filter>Archivos de origen\coderGenerated</Filter>
    </ClInclude>
    <ClInclude Include="src\coderGenerated\LightingSystemData.h">
      <Filter>Archivos de origen\coderGenerated</Filter>
    </ClInclude>
    <ClInclude Include="src\coderGenerated\SEMBDef.h">
      <Filter>Archivos de origen\coderGenerated</Filter>
    </ClInclude>
    <ClInclude Include="src\coderGenerated\SEMLibB.h">
      <Filter>Archivos de origen\coderGenerated</Filter>
    </ClInclude>
    <ClInclude Include="src\coderGenerated\SEMTypes.h">
      <Filter>Archivos de origen\coderGenerated</Filter>
    </ClInclude>
  </ItemGroup>
  <ItemGroup>
    <Text Include="src\coderGenerated\coderCofig.txt">
      <Filter>Archivos de origen\coderGenerated</Filter>
    </Text>
  </ItemGroup>
</Project>